PODS:
  - Alamofire (4.9.1)
  - Differentiator (3.1.0)
  - Moya/Core (13.0.1):
    - Alamofire (~> 4.1)
    - Result (~> 4.1)
  - Moya/RxSwift (13.0.1):
    - Moya/Core
    - RxSwift (~> 4.0)
  - Result (4.1.0)
  - RxAppState (1.5.0):
    - RxCocoa (~> 4.4)
    - RxSwift (~> 4.4)
  - RxAtomic (4.4.2)
  - RxCocoa (4.4.2):
    - RxSwift (>= 4.4.2, ~> 4.4)
  - RxDataSources (3.1.0):
    - Differentiator (~> 3.0)
    - RxCocoa (~> 4.0)
    - RxSwift (~> 4.0)
  - RxKeyboard (0.9.0):
    - RxCocoa (>= 4.3.1)
    - RxSwift (>= 4.3.1)
  - RxOptional (3.6.2):
    - RxCocoa (~> 4.0)
    - RxSwift (~> 4.0)
  - RxSwift (4.4.2):
    - RxAtomic (>= 4.4.2, ~> 4.4)
  - SnapKit (4.2.0)

DEPENDENCIES:
  - Moya/RxSwift (~> 13.0)
  - RxAppState
  - RxCocoa (~> 4.4.0)
  - RxDataSources (~> 3.1.0)
  - RxKeyboard (~> 0.9.0)
  - RxOptional (~> 3.6.2)
  - RxSwift (~> 4.4.0)
  - SnapKit (~> 4.2.0)

SPEC REPOS:
  trunk:
    - Alamofire
    - Differentiator
    - Moya
    - Result
    - RxAppState
    - RxAtomic
    - RxCocoa
    - RxDataSources
    - RxKeyboard
    - RxOptional
    - RxSwift
    - SnapKit

SPEC CHECKSUMS:
  Alamofire: 85e8a02c69d6020a0d734f6054870d7ecb75cf18
  Differentiator: be49ca3408f0ecfc761e4c7763d20c62be01b9ad
  Moya: f4a4b80ff2f8a4ffc208dfb31cd91636622fee6e
  Result: bd966fac789cc6c1563440b348ab2598cc24d5c7
  RxAppState: 46cae19e582daf7283a8f9ef553e7c049e1565b4
  RxAtomic: d00e97c10db88c6f08540e0bf2752fc5a2404167
  RxCocoa: 477990dc3b4c3ff55fb0ac77e1cc06244e0aaec8
  RxDataSources: a843bad90c29817f5923ec8163f4af2de084ceb3
  RxKeyboard: 4f782303f499f41577b41c96c6a9a5d7acd51a47
  RxOptional: 80426a0ddbd092573e4c482d8cc13302078c4d5e
  RxSwift: 74c29b693c8e42b0f64400e8b06564575742d649
  SnapKit: fe8a619752f3f27075cc9a90244d75c6c3f27e2a

PODFILE CHECKSUM: 4ace28c4a40a6db6c6bdbcbf1eccc325efb4902f

COCOAPODS: 1.8.4
